// !$*UTF8*$!
{
	archiveVersion = 1;
	classes = {
	};
	objectVersion = 77;
	objects = {

/* Begin PBXContainerItemProxy section */
		C492C6352F29BF14003058AD /* PBXContainerItemProxy */ = {
			isa = PBXContainerItemProxy;
			containerPortal = C492C6182F29BF10003058AD /* Project object */;
			proxyType = 1;
			remoteGlobalIDString = C492C61F2F29BF10003058AD;
			remoteInfo = soninho;
		};
		C492C63F2F29BF14003058AD /* PBXContainerItemProxy */ = {
			isa = PBXContainerItemProxy;
			containerPortal = C492C6182F29BF10003058AD /* Project object */;
			proxyType = 1;
			remoteGlobalIDString = C492C61F2F29BF10003058AD;
			remoteInfo = soninho;
		};
/* End PBXContainerItemProxy section */

/* Begin PBXFileReference section */
		C492C6202F29BF10003058AD /* soninho.app */ = {isa = PBXFileReference; explicitFileType = wrapper.application; includeInIndex = 0; path = soninho.app; sourceTree = BUILT_PRODUCTS_DIR; };
		C492C6342F29BF14003058AD /* soninhoTests.xctest */ = {isa = PBXFileReference; explicitFileType = wrapper.cfbundle; includeInIndex = 0; path = soninhoTests.xctest; sourceTree = BUILT_PRODUCTS_DIR; };
		C492C63E2F29BF14003058AD /* soninhoUITests.xctest */ = {isa = PBXFileReference; explicitFileType = wrapper.cfbundle; includeInIndex = 0; path = soninhoUITests.xctest; sourceTree = BUILT_PRODUCTS_DIR; };
/* End PBXFileReference section */

/* Begin PBXFileSystemSynchronizedBuildFileExceptionSet section */
		C492C6462F29BF14003058AD /* Exceptions for "soninho" folder in "soninho" target */ = {
			isa = PBXFileSystemSynchronizedBuildFileExceptionSet;
			membershipExceptions = (
				Info.plist,
			);
			target = C492C61F2F29BF10003058AD /* soninho */;
		};
/* End PBXFileSystemSynchronizedBuildFileExceptionSet section */

/* Begin PBXFileSystemSynchronizedRootGroup section */
		C492C6222F29BF10003058AD /* soninho */ = {
			isa = PBXFileSystemSynchronizedRootGroup;
			exceptions = (
				C492C6462F29BF14003058AD /* Exceptions for "soninho" folder in "soninho" target */,
			);
			path = soninho;
			sourceTree = "<group>";
		};
		C492C6372F29BF14003058AD /* soninhoTests */ = {
			isa = PBXFileSystemSynchronizedRootGroup;
			path = soninhoTests;
			sourceTree = "<group>";
		};
		C492C6412F29BF14003058AD /* soninhoUITests */ = {
			isa = PBXFileSystemSynchronizedRootGroup;
			path = soninhoUITests;
			sourceTree = "<group>";
		};
/* End PBXFileSystemSynchronizedRootGroup section */

/* Begin PBXFrameworksBuildPhase section */
		C492C61D2F29BF10003058AD /* Frameworks */ = {
			isa = PBXFrameworksBuildPhase;
			buildActionMask = 2147483647;
			files = (
			);
			runOnlyForDeploymentPostprocessing = 0;
		};
		C492C6312F29BF14003058AD /* Frameworks */ = {
			isa = PBXFrameworksBuildPhase;
			buildActionMask = 2147483647;
			files = (
			);
			runOnlyForDeploymentPostprocessing = 0;
		};
		C492C63B2F29BF14003058AD /* Frameworks */ = {
			isa = PBXFrameworksBuildPhase;
			buildActionMask = 2147483647;
			files = (
			);
			runOnlyForDeploymentPostprocessing = 0;
		};
/* End PBXFrameworksBuildPhase section */

/* Begin PBXGroup section */
		C492C6172F29BF10003058AD = {
			isa = PBXGroup;
			children = (
				C492C6222F29BF10003058AD /* soninho */,
				C492C6372F29BF14003058AD /* soninhoTests */,
				C492C6412F29BF14003058AD /* soninhoUITests */,
				C492C6212F29BF10003058AD /* Products */,
			);
			sourceTree = "<group>";
		};
		C492C6212F29BF10003058AD /* Products */ = {
			isa = PBXGroup;
			children = (
				C492C6202F29BF10003058AD /* soninho.app */,
				C492C6342F29BF14003058AD /* soninhoTests.xctest */,
				C492C63E2F29BF14003058AD /* soninhoUITests.xctest */,
			);
			name = Products;
			sourceTree = "<group>";
		};
/* End PBXGroup section */

/* Begin PBXNativeTarget section */
		C492C61F2F29BF10003058AD /* soninho */ = {
			isa = PBXNativeTarget;
			buildConfigurationList = C492C6472F29BF14003058AD /* Build configuration list for PBXNativeTarget "soninho" */;
			buildPhases = (
				C492C61C2F29BF10003058AD /* Sources */,
				C492C61D2F29BF10003058AD /* Frameworks */,
				C492C61E2F29BF10003058AD /* Resources */,
			);
			buildRules = (
			);
			dependencies = (
			);
			fileSystemSynchronizedGroups = (
				C492C6222F29BF10003058AD /* soninho */,
			);
			name = soninho;
			packageProductDependencies = (
			);
			productName = soninho;
			productReference = C492C6202F29BF10003058AD /* soninho.app */;
			productType = "com.apple.product-type.application";
		};
		C492C6332F29BF14003058AD /* soninhoTests */ = {
			isa = PBXNativeTarget;
			buildConfigurationList = C492C64C2F29BF14003058AD /* Build configuration list for PBXNativeTarget "soninhoTests" */;
			buildPhases = (
				C492C6302F29BF14003058AD /* Sources */,
				C492C6312F29BF14003058AD /* Frameworks */,
				C492C6322F29BF14003058AD /* Resources */,
			);
			buildRules = (
			);
			dependencies = (
				C492C6362F29BF14003058AD /* PBXTargetDependency */,
			);
			fileSystemSynchronizedGroups = (
				C492C6372F29BF14003058AD /* soninhoTests */,
			);
			name = soninhoTests;
			packageProductDependencies = (
			);
			productName = soninhoTests;
			productReference = C492C6342F29BF14003058AD /* soninhoTests.xctest */;
			productType = "com.apple.product-type.bundle.unit-test";
		};
		C492C63D2F29BF14003058AD /* soninhoUITests */ = {
			isa = PBXNativeTarget;
			buildConfigurationList = C492C64F2F29BF14003058AD /* Build configuration list for PBXNativeTarget "soninhoUITests" */;
			buildPhases = (
				C492C63A2F29BF14003058AD /* Sources */,
				C492C63B2F29BF14003058AD /* Frameworks */,
				C492C63C2F29BF14003058AD /* Resources */,
			);
			buildRules = (
			);
			dependencies = (
				C492C6402F29BF14003058AD /* PBXTargetDependency */,
			);
			fileSystemSynchronizedGroups = (
				C492C6412F29BF14003058AD /* soninhoUITests */,
			);
			name = soninhoUITests;
			packageProductDependencies = (
			);
			productName = soninhoUITests;
			productReference = C492C63E2F29BF14003058AD /* soninhoUITests.xctest */;
			productType = "com.apple.product-type.bundle.ui-testing";
		};
/* End PBXNativeTarget section */

/* Begin PBXProject section */
		C492C6182F29BF10003058AD /* Project object */ = {
			isa = PBXProject;
			attributes = {
				BuildIndependentTargetsInParallel = 1;
				LastSwiftUpdateCheck = 1640;
				LastUpgradeCheck = 1640;
				TargetAttributes = {
					C492C61F2F29BF10003058AD = {
						CreatedOnToolsVersion = 16.4;
					};
					C492C6332F29BF14003058AD = {
						CreatedOnToolsVersion = 16.4;
						TestTargetID = C492C61F2F29BF10003058AD;
					};
					C492C63D2F29BF14003058AD = {
						CreatedOnToolsVersion = 16.4;
						TestTargetID = C492C61F2F29BF10003058AD;
					};
				};
			};
			buildConfigurationList = C492C61B2F29BF10003058AD /* Build configuration list for PBXProject "soninho" */;
			developmentRegion = en;
			hasScannedForEncodings = 0;
			knownRegions = (
				en,
				Base,
				"pt-BR",
				es,
			);
			mainGroup = C492C6172F29BF10003058AD;
			minimizedProjectReferenceProxies = 1;
			preferredProjectObjectVersion = 77;
			productRefGroup = C492C6212F29BF10003058AD /* Products */;
			projectDirPath = "";
			projectRoot = "";
			targets = (
				C492C61F2F29BF10003058AD /* soninho */,
				C492C6332F29BF14003058AD /* soninhoTests */,
				C492C63D2F29BF14003058AD /* soninhoUITests */,
			);
		};
/* End PBXProject section */

/* Begin PBXResourcesBuildPhase section */
		C492C61E2F29BF10003058AD /* Resources */ = {
			isa = PBXResourcesBuildPhase;
			buildActionMask = 2147483647;
			files = (
			);
			runOnlyForDeploymentPostprocessing = 0;
		};
		C492C6322F29BF14003058AD /* Resources */ = {
			isa = PBXResourcesBuildPhase;
			buildActionMask = 2147483647;
			files = (
			);
			runOnlyForDeploymentPostprocessing = 0;
		};
		C492C63C2F29BF14003058AD /* Resources */ = {
			isa = PBXResourcesBuildPhase;
			buildActionMask = 2147483647;
			files = (
			);
			runOnlyForDeploymentPostprocessing = 0;
		};
/* End PBXResourcesBuildPhase section */

/* Begin PBXSourcesBuildPhase section */
		C492C61C2F29BF10003058AD /* Sources */ = {
			isa = PBXSourcesBuildPhase;
			buildActionMask = 2147483647;
			files = (
			);
			runOnlyForDeploymentPostprocessing = 0;
		};
		C492C6302F29BF14003058AD /* Sources */ = {
			isa = PBXSourcesBuildPhase;
			buildActionMask = 2147483647;
			files = (
			);
			runOnlyForDeploymentPostprocessing = 0;
		};
		C492C63A2F29BF14003058AD /* Sources */ = {
			isa = PBXSourcesBuildPhase;
			buildActionMask = 2147483647;
			files = (
			);
			runOnlyForDeploymentPostprocessing = 0;
		};
/* End PBXSourcesBuildPhase section */

/* Begin PBXTargetDependency section */
		C492C6362F29BF14003058AD /* PBXTargetDependency */ = {
			isa = PBXTargetDependency;
			target = C492C61F2F29BF10003058AD /* soninho */;
			targetProxy = C492C6352F29BF14003058AD /* PBXContainerItemProxy */;
		};
		C492C6402F29BF14003058AD /* PBXTargetDependency */ = {
			isa = PBXTargetDependency;
			target = C492C61F2F29BF10003058AD /* soninho */;
			targetProxy = C492C63F2F29BF14003058AD /* PBXContainerItemProxy */;
		};
/* End PBXTargetDependency section */

/* Begin XCBuildConfiguration section */
		C492C6482F29BF14003058AD /* Debug */ = {
			isa = XCBuildConfiguration;
			buildSettings = {
				ASSETCATALOG_COMPILER_APPICON_NAME = AppIcon;
				ASSETCATALOG_COMPILER_GLOBAL_ACCENT_COLOR_NAME = AccentColor;
				CODE_SIGN_ENTITLEMENTS = soninho/soninho.entitlements;
				CODE_SIGN_STYLE = Automatic;
				CURRENT_PROJECT_VERSION = 7;
				DEVELOPMENT_TEAM = NZC6LC8NWM;
				ENABLE_PREVIEWS = YES;
				GENERATE_INFOPLIST_FILE = YES;
				INFOPLIST_FILE = soninho/Info.plist;
				INFOPLIST_KEY_CFBundleDisplayName = Soninho;
				INFOPLIST_KEY_LSApplicationCategoryType = "public.app-category.healthcare-fitness";
				INFOPLIST_KEY_NSHealthShareUsageDescription = "Slumber uses your sleep data to provide detailed sleep analysis and personalized insights to help you sleep better.";
				INFOPLIST_KEY_NSHealthUpdateUsageDescription = "Slumber saves your sleep records to Apple Health so you can track your sleep history across all your devices.";
				INFOPLIST_KEY_UIApplicationSceneManifest_Generation = YES;
				INFOPLIST_KEY_UIApplicationSupportsIndirectInputEvents = YES;
				INFOPLIST_KEY_UILaunchScreen_Generation = YES;
				INFOPLIST_KEY_UILaunchStoryboardName = LaunchScreen;
				INFOPLIST_KEY_UISupportedInterfaceOrientations = UIInterfaceOrientationPortrait;
				INFOPLIST_KEY_UISupportedInterfaceOrientations_iPad = "UIInterfaceOrientationLandscapeLeft UIInterfaceOrientationLandscapeRight UIInterfaceOrientationPortrait UIInterfaceOrientationPortraitUpsideDown";
				LD_RUNPATH_SEARCH_PATHS = (
					"$(inherited)",
					"@executable_path/Frameworks",
				);
				MARKETING_VERSION = 1.0.0;
				PRODUCT_BUNDLE_IDENTIFIER = com.gambitstudio.soninho;
				PRODUCT_NAME = "$(TARGET_NAME)";
				SUPPORTED_PLATFORMS = "iphoneos iphonesimulator";
				SUPPORTS_MACCATALYST = NO;
				SWIFT_EMIT_LOC_STRINGS = YES;
				SWIFT_VERSION = 5.0;
				TARGETED_DEVICE_FAMILY = 1;
			};
			name = Debug;
		};
		C492C6492F29BF14003058AD /* Release */ = {
			isa = XCBuildConfiguration;
			buildSettings = {
				ASSETCATALOG_COMPILER_APPICON_NAME = AppIcon;
				ASSETCATALOG_COMPILER_GLOBAL_ACCENT_COLOR_NAME = AccentColor;
				CODE_SIGN_ENTITLEMENTS = soninho/soninho.entitlements;
				CODE_SIGN_STYLE = Automatic;
				CURRENT_PROJECT_VERSION = 7;
				DEVELOPMENT_TEAM = NZC6LC8NWM;
				ENABLE_PREVIEWS = YES;
				GENERATE_INFOPLIST_FILE = YES;
				INFOPLIST_FILE = soninho/Info.plist;
				INFOPLIST_KEY_CFBundleDisplayName = Soninho;
				INFOPLIST_KEY_LSApplicationCategoryType = "public.app-category.healthcare-fitness";
				INFOPLIST_KEY_NSHealthShareUsageDescription = "Slumber uses your sleep data to provide detailed sleep analysis and personalized insights to help you sleep better.";
				INFOPLIST_KEY_NSHealthUpdateUsageDescription = "Slumber saves your sleep records to Apple Health so you can track your sleep history across all your devices.";
				INFOPLIST_KEY_UIApplicationSceneManifest_Generation = YES;
				INFOPLIST_KEY_UIApplicationSupportsIndirectInputEvents = YES;
				INFOPLIST_KEY_UILaunchScreen_Generation = YES;
				INFOPLIST_KEY_UILaunchStoryboardName = LaunchScreen;
				INFOPLIST_KEY_UISupportedInterfaceOrientations = UIInterfaceOrientationPortrait;
				INFOPLIST_KEY_UISupportedInterfaceOrientations_iPad = "UIInterfaceOrientationLandscapeLeft UIInterfaceOrientationLandscapeRight UIInterfaceOrientationPortrait UIInterfaceOrientationPortraitUpsideDown";
				LD_RUNPATH_SEARCH_PATHS = (
					"$(inherited)",
					"@executable_path/Frameworks",
				);
				MARKETING_VERSION = 1.0.0;
				PRODUCT_BUNDLE_IDENTIFIER = com.gambitstudio.soninho;
				PRODUCT_NAME = "$(TARGET_NAME)";
				SUPPORTED_PLATFORMS = "iphoneos iphonesimulator";
				SUPPORTS_MACCATALYST = NO;
				SWIFT_EMIT_LOC_STRINGS = YES;
				SWIFT_VERSION = 5.0;
				TARGETED_DEVICE_FAMILY = 1;
			};
			name = Release;
		};
		C492C64A2F29BF14003058AD /* Debug */ = {
			isa = XCBuildConfiguration;
			buildSettings = {
				ALWAYS_SEARCH_USER_PATHS = NO;
				ASSETCATALOG_COMPILER_GENERATE_SWIFT_ASSET_SYMBOL_EXTENSIONS = YES;
				CLANG_ANALYZER_NONNULL = YES;
				CLANG_ANALYZER_NUMBER_OBJECT_CONVERSION = YES_AGGRESSIVE;
				CLANG_CXX_LANGUAGE_STANDARD = "gnu++20";
				CLANG_ENABLE_MODULES = YES;
				CLANG_ENABLE_OBJC_ARC = YES;
				CLANG_ENABLE_OBJC_WEAK = YES;
				CLANG_WARN_BLOCK_CAPTURE_AUTORELEASING = YES;
				CLANG_WARN_BOOL_CONVERSION = YES;
				CLANG_WARN_COMMA = YES;
				CLANG_WARN_CONSTANT_CONVERSION = YES;
				CLANG_WARN_DEPRECATED_OBJC_IMPLEMENTATIONS = YES;
				CLANG_WARN_DIRECT_OBJC_ISA_USAGE = YES_ERROR;
				CLANG_WARN_DOCUMENTATION_COMMENTS = YES;
				CLANG_WARN_EMPTY_BODY = YES;
				CLANG_WARN_ENUM_CONVERSION = YES;
				CLANG_WARN_INFINITE_RECURSION = YES;
				CLANG_WARN_INT_CONVERSION = YES;
				CLANG_WARN_NON_LITERAL_NULL_CONVERSION = YES;
				CLANG_WARN_OBJC_IMPLICIT_RETAIN_SELF = YES;
				CLANG_WARN_OBJC_LITERAL_CONVERSION = YES;
				CLANG_WARN_OBJC_ROOT_CLASS = YES_ERROR;
				CLANG_WARN_QUOTED_INCLUDE_IN_FRAMEWORK_HEADER = YES;
				CLANG_WARN_RANGE_LOOP_ANALYSIS = YES;
				CLANG_WARN_STRICT_PROTOTYPES = YES;
				CLANG_WARN_SUSPICIOUS_MOVE = YES;
				CLANG_WARN_UNGUARDED_AVAILABILITY = YES_AGGRESSIVE;
				CLANG_WARN_UNREACHABLE_CODE = YES;
				CLANG_WARN__DUPLICATE_METHOD_MATCH = YES;
				COPY_PHASE_STRIP = NO;
				DEBUG_INFORMATION_FORMAT = dwarf;
				DEVELOPMENT_TEAM = NZC6LC8NWM;
				ENABLE_STRICT_OBJC_MSGSEND = YES;
				ENABLE_TESTABILITY = YES;
				ENABLE_USER_SCRIPT_SANDBOXING = YES;
				GCC_C_LANGUAGE_STANDARD = gnu17;
				GCC_DYNAMIC_NO_PIC = NO;
				GCC_NO_COMMON_BLOCKS = YES;
				GCC_OPTIMIZATION_LEVEL = 0;
				GCC_PREPROCESSOR_DEFINITIONS = (
					"DEBUG=1",
					"$(inherited)",
				);
				GCC_WARN_64_TO_32_BIT_CONVERSION = YES;
				GCC_WARN_ABOUT_RETURN_TYPE = YES_ERROR;
				GCC_WARN_UNDECLARED_SELECTOR = YES;
				GCC_WARN_UNINITIALIZED_AUTOS = YES_AGGRESSIVE;
				GCC_WARN_UNUSED_FUNCTION = YES;
				GCC_WARN_UNUSED_VARIABLE = YES;
				IPHONEOS_DEPLOYMENT_TARGET = 17.0;
				LOCALIZATION_PREFERS_STRING_CATALOGS = YES;
				MTL_ENABLE_DEBUG_INFO = INCLUDE_SOURCE;
				MTL_FAST_MATH = YES;
				ONLY_ACTIVE_ARCH = YES;
				SDKROOT = iphoneos;
				SWIFT_ACTIVE_COMPILATION_CONDITIONS = "DEBUG $(inherited)";
				SWIFT_OPTIMIZATION_LEVEL = "-Onone";
			};
			name = Debug;
		};
		C492C64B2F29BF14003058AD /* Release */ = {
			isa = XCBuildConfiguration;
			buildSettings = {
				ALWAYS_SEARCH_USER_PATHS = NO;
				ASSETCATALOG_COMPILER_GENERATE_SWIFT_ASSET_SYMBOL_EXTENSIONS = YES;
				CLANG_ANALYZER_NONNULL = YES;
				CLANG_ANALYZER_NUMBER_OBJECT_CONVERSION = YES_AGGRESSIVE;
				CLANG_CXX_LANGUAGE_STANDARD = "gnu++20";
				CLANG_ENABLE_MODULES = YES;
				CLANG_ENABLE_OBJC_ARC = YES;
				CLANG_ENABLE_OBJC_WEAK = YES;
				CLANG_WARN_BLOCK_CAPTURE_AUTORELEASING = YES;
				CLANG_WARN_BOOL_CONVERSION = YES;
				CLANG_WARN_COMMA = YES;
				CLANG_WARN_CONSTANT_CONVERSION = YES;
				CLANG_WARN_DEPRECATED_OBJC_IMPLEMENTATIONS = YES;
				CLANG_WARN_DIRECT_OBJC_ISA_USAGE = YES_ERROR;
				CLANG_WARN_DOCUMENTATION_COMMENTS = YES;
				CLANG_WARN_EMPTY_BODY = YES;
				CLANG_WARN_ENUM_CONVERSION = YES;
				CLANG_WARN_INFINITE_RECURSION = YES;
				CLANG_WARN_INT_CONVERSION = YES;
				CLANG_WARN_NON_LITERAL_NULL_CONVERSION = YES;
				CLANG_WARN_OBJC_IMPLICIT_RETAIN_SELF = YES;
				CLANG_WARN_OBJC_LITERAL_CONVERSION = YES;
				CLANG_WARN_OBJC_ROOT_CLASS = YES_ERROR;
				CLANG_WARN_QUOTED_INCLUDE_IN_FRAMEWORK_HEADER = YES;
				CLANG_WARN_RANGE_LOOP_ANALYSIS = YES;
				CLANG_WARN_STRICT_PROTOTYPES = YES;
				CLANG_WARN_SUSPICIOUS_MOVE = YES;
				CLANG_WARN_UNGUARDED_AVAILABILITY = YES_AGGRESSIVE;
				CLANG_WARN_UNREACHABLE_CODE = YES;
				CLANG_WARN__DUPLICATE_METHOD_MATCH = YES;
				COPY_PHASE_STRIP = NO;
				DEBUG_INFORMATION_FORMAT = "dwarf-with-dsym";
				DEVELOPMENT_TEAM = NZC6LC8NWM;
				ENABLE_NS_ASSERTIONS = NO;
				ENABLE_STRICT_OBJC_MSGSEND = YES;
				ENABLE_USER_SCRIPT_SANDBOXING = YES;
				GCC_C_LANGUAGE_STANDARD = gnu17;
				GCC_NO_COMMON_BLOCKS = YES;
				GCC_WARN_64_TO_32_BIT_CONVERSION = YES;
				GCC_WARN_ABOUT_RETURN_TYPE = YES_ERROR;
				GCC_WARN_UNDECLARED_SELECTOR = YES;
				GCC_WARN_UNINITIALIZED_AUTOS = YES_AGGRESSIVE;
				GCC_WARN_UNUSED_FUNCTION = YES;
				GCC_WARN_UNUSED_VARIABLE = YES;
				IPHONEOS_DEPLOYMENT_TARGET = 17.0;
				LOCALIZATION_PREFERS_STRING_CATALOGS = YES;
				MTL_ENABLE_DEBUG_INFO = NO;
				MTL_FAST_MATH = YES;
				SDKROOT = iphoneos;
				SWIFT_COMPILATION_MODE = wholemodule;
				VALIDATE_PRODUCT = YES;
			};
			name = Release;
		};
		C492C64D2F29BF14003058AD /* Debug */ = {
			isa = XCBuildConfiguration;
			buildSettings = {
				BUNDLE_LOADER = "$(TEST_HOST)";
				CODE_SIGN_STYLE = Automatic;
				CURRENT_PROJECT_VERSION = 1;
				DEVELOPMENT_TEAM = NZC6LC8NWM;
				GENERATE_INFOPLIST_FILE = YES;
				IPHONEOS_DEPLOYMENT_TARGET = 17.0;
				MARKETING_VERSION = 1.0;
				PRODUCT_BUNDLE_IDENTIFIER = gambit.soninho.com.soninhoTests;
				PRODUCT_NAME = "$(TARGET_NAME)";
				SWIFT_EMIT_LOC_STRINGS = NO;
				SWIFT_VERSION = 5.0;
				TARGETED_DEVICE_FAMILY = "1,2";
				TEST_HOST = "$(BUILT_PRODUCTS_DIR)/soninho.app/$(BUNDLE_EXECUTABLE_FOLDER_PATH)/soninho";
			};
			name = Debug;
		};
		C492C64E2F29BF14003058AD /* Release */ = {
			isa = XCBuildConfiguration;
			buildSettings = {
				BUNDLE_LOADER = "$(TEST_HOST)";
				CODE_SIGN_STYLE = Automatic;
				CURRENT_PROJECT_VERSION = 1;
				DEVELOPMENT_TEAM = NZC6LC8NWM;
				GENERATE_INFOPLIST_FILE = YES;
				IPHONEOS_DEPLOYMENT_TARGET = 17.0;
				MARKETING_VERSION = 1.0;
				PRODUCT_BUNDLE_IDENTIFIER = gambit.soninho.com.soninhoTests;
				PRODUCT_NAME = "$(TARGET_NAME)";
				SWIFT_EMIT_LOC_STRINGS = NO;
				SWIFT_VERSION = 5.0;
				TARGETED_DEVICE_FAMILY = "1,2";
				TEST_HOST = "$(BUILT_PRODUCTS_DIR)/soninho.app/$(BUNDLE_EXECUTABLE_FOLDER_PATH)/soninho";
			};
			name = Release;
		};
		C492C6502F29BF14003058AD /* Debug */ = {
			isa = XCBuildConfiguration;
			buildSettings = {
				CODE_SIGN_STYLE = Automatic;
				CURRENT_PROJECT_VERSION = 1;
				DEVELOPMENT_TEAM = NZC6LC8NWM;
				GENERATE_INFOPLIST_FILE = YES;
				MARKETING_VERSION = 1.0;
				PRODUCT_BUNDLE_IDENTIFIER = gambit.soninho.com.soninhoUITests;
				PRODUCT_NAME = "$(TARGET_NAME)";
				SWIFT_EMIT_LOC_STRINGS = NO;
				SWIFT_VERSION = 5.0;
				TARGETED_DEVICE_FAMILY = "1,2";
				TEST_TARGET_NAME = soninho;
			};
			name = Debug;
		};
		C492C6512F29BF14003058AD /* Release */ = {
			isa = XCBuildConfiguration;
			buildSettings = {
				CODE_SIGN_STYLE = Automatic;
				CURRENT_PROJECT_VERSION = 1;
				DEVELOPMENT_TEAM = NZC6LC8NWM;
				GENERATE_INFOPLIST_FILE = YES;
				MARKETING_VERSION = 1.0;
				PRODUCT_BUNDLE_IDENTIFIER = gambit.soninho.com.soninhoUITests;
				PRODUCT_NAME = "$(TARGET_NAME)";
				SWIFT_EMIT_LOC_STRINGS = NO;
				SWIFT_VERSION = 5.0;
				TARGETED_DEVICE_FAMILY = "1,2";
				TEST_TARGET_NAME = soninho;
			};
			name = Release;
		};
/* End XCBuildConfiguration section */

/* Begin XCConfigurationList section */
		C492C61B2F29BF10003058AD /* Build configuration list for PBXProject "soninho" */ = {
			isa = XCConfigurationList;
			buildConfigurations = (
				C492C64A2F29BF14003058AD /* Debug */,
				C492C64B2F29BF14003058AD /* Release */,
			);
			defaultConfigurationIsVisible = 0;
			defaultConfigurationName = Release;
		};
		C492C6472F29BF14003058AD /* Build configuration list for PBXNativeTarget "soninho" */ = {
			isa = XCConfigurationList;
			buildConfigurations = (
				C492C6482F29BF14003058AD /* Debug */,
				C492C6492F29BF14003058AD /* Release */,
			);
			defaultConfigurationIsVisible = 0;
			defaultConfigurationName = Release;
		};
		C492C64C2F29BF14003058AD /* Build configuration list for PBXNativeTarget "soninhoTests" */ = {
			isa = XCConfigurationList;
			buildConfigurations = (
				C492C64D2F29BF14003058AD /* Debug */,
				C492C64E2F29BF14003058AD /* Release */,
			);
			defaultConfigurationIsVisible = 0;
			defaultConfigurationName = Release;
		};
		C492C64F2F29BF14003058AD /* Build configuration list for PBXNativeTarget "soninhoUITests" */ = {
			isa = XCConfigurationList;
			buildConfigurations = (
				C492C6502F29BF14003058AD /* Debug */,
				C492C6512F29BF14003058AD /* Release */,
			);
			defaultConfigurationIsVisible = 0;
			defaultConfigurationName = Release;
		};
/* End XCConfigurationList section */
	};
	rootObject = C492C6182F29BF10003058AD /* Project object */;
}
